
Microsoft Visual Studio Solution File, Format Version 12.00
# Visual Studio Version 17
VisualStudioVersion = 17.12.35707.178
MinimumVisualStudioVersion = 10.0.40219.1
Project("{FAE04EC0-301F-11D3-BF4B-00C04F79EFBC}") = "MathsEquationEvaluator", "MathsEquationEvaluator.csproj", "{64A4C413-25D4-4813-906D-83E33AD9B5EB}"
EndProject
Project("{FAE04EC0-301F-11D3-BF4B-00C04F79EFBC}") = "MathsEquationEvaluatorTests", "MathsEquationEvaluatorTests\MathsEquationEvaluatorTests.csproj", "{610196CF-B7C1-4F4B-9A53-3C099A208351}"
EndProject
Global
	GlobalSection(SolutionConfigurationPlatforms) = preSolution
		Debug|Any CPU = Debug|Any CPU
		Release|Any CPU = Release|Any CPU
	EndGlobalSection
	GlobalSection(ProjectConfigurationPlatforms) = postSolution
		{64A4C413-25D4-4813-906D-83E33AD9B5EB}.Debug|Any CPU.ActiveCfg = Debug|Any CPU
		{64A4C413-25D4-4813-906D-83E33AD9B5EB}.Debug|Any CPU.Build.0 = Debug|Any CPU
		{64A4C413-25D4-4813-906D-83E33AD9B5EB}.Release|Any CPU.ActiveCfg = Release|Any CPU
		{64A4C413-25D4-4813-906D-83E33AD9B5EB}.Release|Any CPU.Build.0 = Release|Any CPU
		{610196CF-B7C1-4F4B-9A53-3C099A208351}.Debug|Any CPU.ActiveCfg = Debug|Any CPU
		{610196CF-B7C1-4F4B-9A53-3C099A208351}.Debug|Any CPU.Build.0 = Debug|Any CPU
		{610196CF-B7C1-4F4B-9A53-3C099A208351}.Release|Any CPU.ActiveCfg = Release|Any CPU
		{610196CF-B7C1-4F4B-9A53-3C099A208351}.Release|Any CPU.Build.0 = Release|Any CPU
	EndGlobalSection
	GlobalSection(SolutionProperties) = preSolution
		HideSolutionNode = FALSE
	EndGlobalSection
EndGlobal
